
Microsoft Visual Studio Solution File, Format Version 12.00
# Visual Studio Version 16
VisualStudioVersion = 16.0.29806.167
MinimumVisualStudioVersion = 10.0.40219.1
Project("{9A19103F-16F7-4668-BE54-9A1E7A4F7556}") = "SDuo.EasyAPI.Core", "SDuo.EasyAPI.Core\SDuo.EasyAPI.Core.csproj", "{584DCEF5-80D1-4CC6-9D3D-BD8DC3710620}"
EndProject
Project("{9A19103F-16F7-4668-BE54-9A1E7A4F7556}") = "SDuo.EasyAPI.Plugin.Abstract", "SDuo.EasyAPI.Plugin.Abstract\SDuo.EasyAPI.Plugin.Abstract.csproj", "{DA631185-9852-4A97-AC48-B10D5E7BA398}"
EndProject
Project("{2150E333-8FDC-42A3-9474-1A3956D46DE8}") = "SDuo.EasyAPI.Plugins", "SDuo.EasyAPI.Plugins", "{F97B8C0B-2E04-4BA4-A9E3-AC2A77B92100}"
EndProject
Project("{9A19103F-16F7-4668-BE54-9A1E7A4F7556}") = "SDuo.EasyAPI.Plugin.SQLite", "SDuo.EasyAPI.Plugins\SDuo.EasyAPI.Plugin.SQLite\SDuo.EasyAPI.Plugin.SQLite.csproj", "{E53F1C66-E1D6-4B20-BE1A-A62B57662328}"
EndProject
Project("{9A19103F-16F7-4668-BE54-9A1E7A4F7556}") = "SDuo.EasyAPI.Plugin.SwitchyOmega", "SDuo.EasyAPI.Plugins\SDuo.EasyAPI.Plugin.SwitchyOmega\SDuo.EasyAPI.Plugin.SwitchyOmega.csproj", "{C1022AE8-D834-4F5C-820F-2D2980C4BA7A}"
EndProject
Project("{9A19103F-16F7-4668-BE54-9A1E7A4F7556}") = "SDuo.EasyAPI.Plugin.Authentication", "SDuo.EasyAPI.Plugins\SDuo.EasyAPI.Plugin.Authentication\SDuo.EasyAPI.Plugin.Authentication.csproj", "{BF93905A-7317-421B-B453-59A94B61DFBC}"
EndProject
Project("{9A19103F-16F7-4668-BE54-9A1E7A4F7556}") = "SDuo.EasyAPI.Plugin.Kitsunebi", "SDuo.EasyAPI.Plugins\SDuo.EasyAPI.Plugin.Kitsunebi\SDuo.EasyAPI.Plugin.Kitsunebi.csproj", "{FC3D772F-C943-4518-895D-0445B4C3CFB4}"
EndProject
Project("{FAE04EC0-301F-11D3-BF4B-00C04F79EFBC}") = "SDuo.EasyAPI.Plugin.Nonce.Memory", "SDuo.EasyAPI.Plugins\SDuo.EasyAPI.Plugin.Nonce.Memory\SDuo.EasyAPI.Plugin.Nonce.Memory.csproj", "{22D069E9-779F-4DAF-9127-E41B88FB501D}"
EndProject
Project("{FAE04EC0-301F-11D3-BF4B-00C04F79EFBC}") = "SDuo.EasyAPI.Plugin.RateLimit.Memory", "SDuo.EasyAPI.Plugins\SDuo.EasyAPI.Plugin.RateLimit.Memory\SDuo.EasyAPI.Plugin.RateLimit.Memory.csproj", "{4CD4C40B-DF67-49EA-81F7-3A38A1C9ADEB}"
EndProject
Global
	GlobalSection(SolutionConfigurationPlatforms) = preSolution
		Debug|Any CPU = Debug|Any CPU
		Release|Any CPU = Release|Any CPU
	EndGlobalSection
	GlobalSection(ProjectConfigurationPlatforms) = postSolution
		{584DCEF5-80D1-4CC6-9D3D-BD8DC3710620}.Debug|Any CPU.ActiveCfg = Debug|Any CPU
		{584DCEF5-80D1-4CC6-9D3D-BD8DC3710620}.Debug|Any CPU.Build.0 = Debug|Any CPU
		{584DCEF5-80D1-4CC6-9D3D-BD8DC3710620}.Release|Any CPU.ActiveCfg = Release|Any CPU
		{584DCEF5-80D1-4CC6-9D3D-BD8DC3710620}.Release|Any CPU.Build.0 = Release|Any CPU
		{DA631185-9852-4A97-AC48-B10D5E7BA398}.Debug|Any CPU.ActiveCfg = Debug|Any CPU
		{DA631185-9852-4A97-AC48-B10D5E7BA398}.Debug|Any CPU.Build.0 = Debug|Any CPU
		{DA631185-9852-4A97-AC48-B10D5E7BA398}.Release|Any CPU.ActiveCfg = Release|Any CPU
		{DA631185-9852-4A97-AC48-B10D5E7BA398}.Release|Any CPU.Build.0 = Release|Any CPU
		{E53F1C66-E1D6-4B20-BE1A-A62B57662328}.Debug|Any CPU.ActiveCfg = Debug|Any CPU
		{E53F1C66-E1D6-4B20-BE1A-A62B57662328}.Debug|Any CPU.Build.0 = Debug|Any CPU
		{E53F1C66-E1D6-4B20-BE1A-A62B57662328}.Release|Any CPU.ActiveCfg = Release|Any CPU
		{E53F1C66-E1D6-4B20-BE1A-A62B57662328}.Release|Any CPU.Build.0 = Release|Any CPU
		{C1022AE8-D834-4F5C-820F-2D2980C4BA7A}.Debug|Any CPU.ActiveCfg = Debug|Any CPU
		{C1022AE8-D834-4F5C-820F-2D2980C4BA7A}.Debug|Any CPU.Build.0 = Debug|Any CPU
		{C1022AE8-D834-4F5C-820F-2D2980C4BA7A}.Release|Any CPU.ActiveCfg = Release|Any CPU
		{C1022AE8-D834-4F5C-820F-2D2980C4BA7A}.Release|Any CPU.Build.0 = Release|Any CPU
		{BF93905A-7317-421B-B453-59A94B61DFBC}.Debug|Any CPU.ActiveCfg = Debug|Any CPU
		{BF93905A-7317-421B-B453-59A94B61DFBC}.Debug|Any CPU.Build.0 = Debug|Any CPU
		{BF93905A-7317-421B-B453-59A94B61DFBC}.Release|Any CPU.ActiveCfg = Release|Any CPU
		{BF93905A-7317-421B-B453-59A94B61DFBC}.Release|Any CPU.Build.0 = Release|Any CPU
		{FC3D772F-C943-4518-895D-0445B4C3CFB4}.Debug|Any CPU.ActiveCfg = Debug|Any CPU
		{FC3D772F-C943-4518-895D-0445B4C3CFB4}.Debug|Any CPU.Build.0 = Debug|Any CPU
		{FC3D772F-C943-4518-895D-0445B4C3CFB4}.Release|Any CPU.ActiveCfg = Release|Any CPU
		{FC3D772F-C943-4518-895D-0445B4C3CFB4}.Release|Any CPU.Build.0 = Release|Any CPU
		{22D069E9-779F-4DAF-9127-E41B88FB501D}.Debug|Any CPU.ActiveCfg = Debug|Any CPU
		{22D069E9-779F-4DAF-9127-E41B88FB501D}.Debug|Any CPU.Build.0 = Debug|Any CPU
		{22D069E9-779F-4DAF-9127-E41B88FB501D}.Release|Any CPU.ActiveCfg = Release|Any CPU
		{22D069E9-779F-4DAF-9127-E41B88FB501D}.Release|Any CPU.Build.0 = Release|Any CPU
		{4CD4C40B-DF67-49EA-81F7-3A38A1C9ADEB}.Debug|Any CPU.ActiveCfg = Debug|Any CPU
		{4CD4C40B-DF67-49EA-81F7-3A38A1C9ADEB}.Debug|Any CPU.Build.0 = Debug|Any CPU
		{4CD4C40B-DF67-49EA-81F7-3A38A1C9ADEB}.Release|Any CPU.ActiveCfg = Release|Any CPU
		{4CD4C40B-DF67-49EA-81F7-3A38A1C9ADEB}.Release|Any CPU.Build.0 = Release|Any CPU
	EndGlobalSection
	GlobalSection(SolutionProperties) = preSolution
		HideSolutionNode = FALSE
	EndGlobalSection
	GlobalSection(NestedProjects) = preSolution
		{E53F1C66-E1D6-4B20-BE1A-A62B57662328} = {F97B8C0B-2E04-4BA4-A9E3-AC2A77B92100}
		{C1022AE8-D834-4F5C-820F-2D2980C4BA7A} = {F97B8C0B-2E04-4BA4-A9E3-AC2A77B92100}
		{BF93905A-7317-421B-B453-59A94B61DFBC} = {F97B8C0B-2E04-4BA4-A9E3-AC2A77B92100}
		{FC3D772F-C943-4518-895D-0445B4C3CFB4} = {F97B8C0B-2E04-4BA4-A9E3-AC2A77B92100}
		{22D069E9-779F-4DAF-9127-E41B88FB501D} = {F97B8C0B-2E04-4BA4-A9E3-AC2A77B92100}
		{4CD4C40B-DF67-49EA-81F7-3A38A1C9ADEB} = {F97B8C0B-2E04-4BA4-A9E3-AC2A77B92100}
	EndGlobalSection
	GlobalSection(ExtensibilityGlobals) = postSolution
		SolutionGuid = {716880E9-ADD4-43D8-A893-69C81BCE2235}
	EndGlobalSection
EndGlobal
